
Microsoft Visual Studio Solution File, Format Version 12.00
# Visual Studio Version 16
VisualStudioVersion = 16.0.30114.105
MinimumVisualStudioVersion = 10.0.40219.1
Project("{2150E333-8FDC-42A3-9474-1A3956D46DE8}") = "src", "src", "{09F533FE-30C5-4804-9194-117C3F5444DD}"
EndProject
Project("{FAE04EC0-301F-11D3-BF4B-00C04F79EFBC}") = "Gradebook", "src\Gradebook\Gradebook.csproj", "{3E93ABE2-F01B-4371-9E81-254C17B50664}"
EndProject
Project("{2150E333-8FDC-42A3-9474-1A3956D46DE8}") = "test", "test", "{545AC803-E622-4187-BD41-7A206DF8E793}"
EndProject
Project("{FAE04EC0-301F-11D3-BF4B-00C04F79EFBC}") = "Gradebook.tests", "test\Gradebook.Tests\Gradebook.tests.csproj", "{9379B4A1-EB73-445B-9A4D-9B0B44890D97}"
EndProject
Global
	GlobalSection(SolutionConfigurationPlatforms) = preSolution
		Debug|Any CPU = Debug|Any CPU
		Release|Any CPU = Release|Any CPU
	EndGlobalSection
	GlobalSection(SolutionProperties) = preSolution
		HideSolutionNode = FALSE
	EndGlobalSection
	GlobalSection(ProjectConfigurationPlatforms) = postSolution
		{3E93ABE2-F01B-4371-9E81-254C17B50664}.Debug|Any CPU.ActiveCfg = Debug|Any CPU
		{3E93ABE2-F01B-4371-9E81-254C17B50664}.Debug|Any CPU.Build.0 = Debug|Any CPU
		{3E93ABE2-F01B-4371-9E81-254C17B50664}.Release|Any CPU.ActiveCfg = Release|Any CPU
		{3E93ABE2-F01B-4371-9E81-254C17B50664}.Release|Any CPU.Build.0 = Release|Any CPU
		{9379B4A1-EB73-445B-9A4D-9B0B44890D97}.Debug|Any CPU.ActiveCfg = Debug|Any CPU
		{9379B4A1-EB73-445B-9A4D-9B0B44890D97}.Debug|Any CPU.Build.0 = Debug|Any CPU
		{9379B4A1-EB73-445B-9A4D-9B0B44890D97}.Release|Any CPU.ActiveCfg = Release|Any CPU
		{9379B4A1-EB73-445B-9A4D-9B0B44890D97}.Release|Any CPU.Build.0 = Release|Any CPU
	EndGlobalSection
	GlobalSection(NestedProjects) = preSolution
		{3E93ABE2-F01B-4371-9E81-254C17B50664} = {09F533FE-30C5-4804-9194-117C3F5444DD}
		{9379B4A1-EB73-445B-9A4D-9B0B44890D97} = {545AC803-E622-4187-BD41-7A206DF8E793}
	EndGlobalSection
EndGlobal
